// !$*UTF8*$!
{
	archiveVersion = 1;
	classes = {
	};
	objectVersion = 56;
	objects = {

/* Begin PBXBuildFile section */
		BB8E23A829238DEC00474E21 /* WABaseInfoView.swift in Sources */ = {isa = PBXBuildFile; fileRef = BB8E23A729238DEC00474E21 /* WABaseInfoView.swift */; };
		BB8E23AC2923CE9100474E21 /* TImerView.swift in Sources */ = {isa = PBXBuildFile; fileRef = BB8E23AB2923CE9100474E21 /* TImerView.swift */; };
		BB8E23AF2923D02100474E21 /* ProgressView.swift in Sources */ = {isa = PBXBuildFile; fileRef = BB8E23AE2923D02100474E21 /* ProgressView.swift */; };
		BB8E23B12924DFB800474E21 /* PercentView.swift in Sources */ = {isa = PBXBuildFile; fileRef = BB8E23B02924DFB800474E21 /* PercentView.swift */; };
		BBBBC7F0291ED8DC005B2946 /* AppDelegate.swift in Sources */ = {isa = PBXBuildFile; fileRef = BBBBC7EF291ED8DC005B2946 /* AppDelegate.swift */; };
		BBBBC7F2291ED8DC005B2946 /* SceneDelegate.swift in Sources */ = {isa = PBXBuildFile; fileRef = BBBBC7F1291ED8DC005B2946 /* SceneDelegate.swift */; };
		BBBBC7F9291ED8DD005B2946 /* Assets.xcassets in Resources */ = {isa = PBXBuildFile; fileRef = BBBBC7F8291ED8DD005B2946 /* Assets.xcassets */; };
		BBBBC7FC291ED8DD005B2946 /* LaunchScreen.storyboard in Resources */ = {isa = PBXBuildFile; fileRef = BBBBC7FA291ED8DD005B2946 /* LaunchScreen.storyboard */; };
		BBBBC808291EDA44005B2946 /* R.swift in Sources */ = {isa = PBXBuildFile; fileRef = BBBBC807291EDA44005B2946 /* R.swift */; };
		BBBBC80A291EDA5B005B2946 /* UIColor + ext.swift in Sources */ = {isa = PBXBuildFile; fileRef = BBBBC809291EDA5B005B2946 /* UIColor + ext.swift */; };
		BBBBC80C291EDA72005B2946 /* UIView + ext.swift in Sources */ = {isa = PBXBuildFile; fileRef = BBBBC80B291EDA72005B2946 /* UIView + ext.swift */; };
		BBBBC810291EDAF0005B2946 /* WABaseController.swift in Sources */ = {isa = PBXBuildFile; fileRef = BBBBC80F291EDAF0005B2946 /* WABaseController.swift */; };
		BBBBC812291EDB0D005B2946 /* TabBarController.swift in Sources */ = {isa = PBXBuildFile; fileRef = BBBBC811291EDB0D005B2946 /* TabBarController.swift */; };
		BBBBC814291EDB27005B2946 /* NavBarController.swift in Sources */ = {isa = PBXBuildFile; fileRef = BBBBC813291EDB27005B2946 /* NavBarController.swift */; };
		BBBBC81A291EDB95005B2946 /* OverviewController.swift in Sources */ = {isa = PBXBuildFile; fileRef = BBBBC819291EDB95005B2946 /* OverviewController.swift */; };
		BBBBC81C291EDBB8005B2946 /* SessionController.swift in Sources */ = {isa = PBXBuildFile; fileRef = BBBBC81B291EDBB8005B2946 /* SessionController.swift */; };
		BBBBC81E291EDBD7005B2946 /* ProgressController.swift in Sources */ = {isa = PBXBuildFile; fileRef = BBBBC81D291EDBD7005B2946 /* ProgressController.swift */; };
		BBBBC820291EDBF6005B2946 /* SettingsController.swift in Sources */ = {isa = PBXBuildFile; fileRef = BBBBC81F291EDBF6005B2946 /* SettingsController.swift */; };
		BBBBC823291FC25A005B2946 /* WAButton.swift in Sources */ = {isa = PBXBuildFile; fileRef = BBBBC822291FC25A005B2946 /* WAButton.swift */; };
		BBBBC825291FDE5F005B2946 /* OverviewNavBar.swift in Sources */ = {isa = PBXBuildFile; fileRef = BBBBC824291FDE5F005B2946 /* OverviewNavBar.swift */; };
		BBBBC82729201713005B2946 /* WABaseView.swift in Sources */ = {isa = PBXBuildFile; fileRef = BBBBC82629201713005B2946 /* WABaseView.swift */; };
		BBBBC82A292027DD005B2946 /* WeekView.swift in Sources */ = {isa = PBXBuildFile; fileRef = BBBBC829292027DD005B2946 /* WeekView.swift */; };
		BBBBC82C29202ABE005B2946 /* WeekDayVIew.swift in Sources */ = {isa = PBXBuildFile; fileRef = BBBBC82B29202ABE005B2946 /* WeekDayVIew.swift */; };
		BBBBC82E2920303B005B2946 /* Date + ext.swift in Sources */ = {isa = PBXBuildFile; fileRef = BBBBC82D2920303B005B2946 /* Date + ext.swift */; };
/* End PBXBuildFile section */

/* Begin PBXFileReference section */
		BB8E23A729238DEC00474E21 /* WABaseInfoView.swift */ = {isa = PBXFileReference; lastKnownFileType = sourcecode.swift; path = WABaseInfoView.swift; sourceTree = "<group>"; };
		BB8E23AB2923CE9100474E21 /* TImerView.swift */ = {isa = PBXFileReference; lastKnownFileType = sourcecode.swift; path = TImerView.swift; sourceTree = "<group>"; };
		BB8E23AE2923D02100474E21 /* ProgressView.swift */ = {isa = PBXFileReference; lastKnownFileType = sourcecode.swift; path = ProgressView.swift; sourceTree = "<group>"; };
		BB8E23B02924DFB800474E21 /* PercentView.swift */ = {isa = PBXFileReference; lastKnownFileType = sourcecode.swift; path = PercentView.swift; sourceTree = "<group>"; };
		BBBBC7EC291ED8DC005B2946 /* WorkOutAplication.app */ = {isa = PBXFileReference; explicitFileType = wrapper.application; includeInIndex = 0; path = WorkOutAplication.app; sourceTree = BUILT_PRODUCTS_DIR; };
		BBBBC7EF291ED8DC005B2946 /* AppDelegate.swift */ = {isa = PBXFileReference; lastKnownFileType = sourcecode.swift; path = AppDelegate.swift; sourceTree = "<group>"; };
		BBBBC7F1291ED8DC005B2946 /* SceneDelegate.swift */ = {isa = PBXFileReference; lastKnownFileType = sourcecode.swift; path = SceneDelegate.swift; sourceTree = "<group>"; };
		BBBBC7F8291ED8DD005B2946 /* Assets.xcassets */ = {isa = PBXFileReference; lastKnownFileType = folder.assetcatalog; path = Assets.xcassets; sourceTree = "<group>"; };
		BBBBC7FB291ED8DD005B2946 /* Base */ = {isa = PBXFileReference; lastKnownFileType = file.storyboard; name = Base; path = Base.lproj/LaunchScreen.storyboard; sourceTree = "<group>"; };
		BBBBC7FD291ED8DD005B2946 /* Info.plist */ = {isa = PBXFileReference; lastKnownFileType = text.plist.xml; path = Info.plist; sourceTree = "<group>"; };
		BBBBC807291EDA44005B2946 /* R.swift */ = {isa = PBXFileReference; lastKnownFileType = sourcecode.swift; path = R.swift; sourceTree = "<group>"; };
		BBBBC809291EDA5B005B2946 /* UIColor + ext.swift */ = {isa = PBXFileReference; lastKnownFileType = sourcecode.swift; path = "UIColor + ext.swift"; sourceTree = "<group>"; };
		BBBBC80B291EDA72005B2946 /* UIView + ext.swift */ = {isa = PBXFileReference; lastKnownFileType = sourcecode.swift; path = "UIView + ext.swift"; sourceTree = "<group>"; };
		BBBBC80F291EDAF0005B2946 /* WABaseController.swift */ = {isa = PBXFileReference; lastKnownFileType = sourcecode.swift; path = WABaseController.swift; sourceTree = "<group>"; };
		BBBBC811291EDB0D005B2946 /* TabBarController.swift */ = {isa = PBXFileReference; lastKnownFileType = sourcecode.swift; path = TabBarController.swift; sourceTree = "<group>"; };
		BBBBC813291EDB27005B2946 /* NavBarController.swift */ = {isa = PBXFileReference; lastKnownFileType = sourcecode.swift; path = NavBarController.swift; sourceTree = "<group>"; };
		BBBBC819291EDB95005B2946 /* OverviewController.swift */ = {isa = PBXFileReference; lastKnownFileType = sourcecode.swift; path = OverviewController.swift; sourceTree = "<group>"; };
		BBBBC81B291EDBB8005B2946 /* SessionController.swift */ = {isa = PBXFileReference; lastKnownFileType = sourcecode.swift; path = SessionController.swift; sourceTree = "<group>"; };
		BBBBC81D291EDBD7005B2946 /* ProgressController.swift */ = {isa = PBXFileReference; lastKnownFileType = sourcecode.swift; path = ProgressController.swift; sourceTree = "<group>"; };
		BBBBC81F291EDBF6005B2946 /* SettingsController.swift */ = {isa = PBXFileReference; lastKnownFileType = sourcecode.swift; path = SettingsController.swift; sourceTree = "<group>"; };
		BBBBC822291FC25A005B2946 /* WAButton.swift */ = {isa = PBXFileReference; lastKnownFileType = sourcecode.swift; path = WAButton.swift; sourceTree = "<group>"; };
		BBBBC824291FDE5F005B2946 /* OverviewNavBar.swift */ = {isa = PBXFileReference; lastKnownFileType = sourcecode.swift; path = OverviewNavBar.swift; sourceTree = "<group>"; };
		BBBBC82629201713005B2946 /* WABaseView.swift */ = {isa = PBXFileReference; lastKnownFileType = sourcecode.swift; path = WABaseView.swift; sourceTree = "<group>"; };
		BBBBC829292027DD005B2946 /* WeekView.swift */ = {isa = PBXFileReference; lastKnownFileType = sourcecode.swift; path = WeekView.swift; sourceTree = "<group>"; };
		BBBBC82B29202ABE005B2946 /* WeekDayVIew.swift */ = {isa = PBXFileReference; lastKnownFileType = sourcecode.swift; path = WeekDayVIew.swift; sourceTree = "<group>"; };
		BBBBC82D2920303B005B2946 /* Date + ext.swift */ = {isa = PBXFileReference; lastKnownFileType = sourcecode.swift; path = "Date + ext.swift"; sourceTree = "<group>"; };
/* End PBXFileReference section */

/* Begin PBXFrameworksBuildPhase section */
		BBBBC7E9291ED8DC005B2946 /* Frameworks */ = {
			isa = PBXFrameworksBuildPhase;
			buildActionMask = 2147483647;
			files = (
			);
			runOnlyForDeploymentPostprocessing = 0;
		};
/* End PBXFrameworksBuildPhase section */

/* Begin PBXGroup section */
		BB8E23A629238DC800474E21 /* Views */ = {
			isa = PBXGroup;
			children = (
				BBBBC811291EDB0D005B2946 /* TabBarController.swift */,
				BBBBC813291EDB27005B2946 /* NavBarController.swift */,
				BBBBC822291FC25A005B2946 /* WAButton.swift */,
				BB8E23A729238DEC00474E21 /* WABaseInfoView.swift */,
				BBBBC82629201713005B2946 /* WABaseView.swift */,
			);
			path = Views;
			sourceTree = "<group>";
		};
		BB8E23A92923C4E200474E21 /* NavBar */ = {
			isa = PBXGroup;
			children = (
				BBBBC828292027C3005B2946 /* WeekView */,
				BBBBC824291FDE5F005B2946 /* OverviewNavBar.swift */,
			);
			path = NavBar;
			sourceTree = "<group>";
		};
		BB8E23AA2923CE7A00474E21 /* Views */ = {
			isa = PBXGroup;
			children = (
				BB8E23AD2923CFFC00474E21 /* Timer */,
			);
			path = Views;
			sourceTree = "<group>";
		};
		BB8E23AD2923CFFC00474E21 /* Timer */ = {
			isa = PBXGroup;
			children = (
				BB8E23AB2923CE9100474E21 /* TImerView.swift */,
				BB8E23AE2923D02100474E21 /* ProgressView.swift */,
				BB8E23B02924DFB800474E21 /* PercentView.swift */,
			);
			path = Timer;
			sourceTree = "<group>";
		};
		BBBBC7E3291ED8DC005B2946 = {
			isa = PBXGroup;
			children = (
				BBBBC7EE291ED8DC005B2946 /* WorkOutAplication */,
				BBBBC7ED291ED8DC005B2946 /* Products */,
			);
			sourceTree = "<group>";
		};
		BBBBC7ED291ED8DC005B2946 /* Products */ = {
			isa = PBXGroup;
			children = (
				BBBBC7EC291ED8DC005B2946 /* WorkOutAplication.app */,
			);
			name = Products;
			sourceTree = "<group>";
		};
		BBBBC7EE291ED8DC005B2946 /* WorkOutAplication */ = {
			isa = PBXGroup;
			children = (
				BBBBC804291ED9EB005B2946 /* Aplication */,
				BBBBC80D291EDA95005B2946 /* Controllers */,
				BBBBC805291EDA13005B2946 /* Helpers */,
				BBBBC803291ED985005B2946 /* SupportingFiles */,
			);
			path = WorkOutAplication;
			sourceTree = "<group>";
		};
		BBBBC803291ED985005B2946 /* SupportingFiles */ = {
			isa = PBXGroup;
			children = (
				BBBBC7F8291ED8DD005B2946 /* Assets.xcassets */,
				BBBBC7FA291ED8DD005B2946 /* LaunchScreen.storyboard */,
				BBBBC7FD291ED8DD005B2946 /* Info.plist */,
			);
			path = SupportingFiles;
			sourceTree = "<group>";
		};
		BBBBC804291ED9EB005B2946 /* Aplication */ = {
			isa = PBXGroup;
			children = (
				BBBBC7EF291ED8DC005B2946 /* AppDelegate.swift */,
				BBBBC7F1291ED8DC005B2946 /* SceneDelegate.swift */,
			);
			path = Aplication;
			sourceTree = "<group>";
		};
		BBBBC805291EDA13005B2946 /* Helpers */ = {
			isa = PBXGroup;
			children = (
				BBBBC806291EDA1D005B2946 /* Extentions */,
				BBBBC807291EDA44005B2946 /* R.swift */,
			);
			path = Helpers;
			sourceTree = "<group>";
		};
		BBBBC806291EDA1D005B2946 /* Extentions */ = {
			isa = PBXGroup;
			children = (
				BBBBC809291EDA5B005B2946 /* UIColor + ext.swift */,
				BBBBC80B291EDA72005B2946 /* UIView + ext.swift */,
				BBBBC82D2920303B005B2946 /* Date + ext.swift */,
			);
			path = Extentions;
			sourceTree = "<group>";
		};
		BBBBC80D291EDA95005B2946 /* Controllers */ = {
			isa = PBXGroup;
			children = (
				BBBBC818291EDB73005B2946 /* Overview */,
				BBBBC817291EDB5F005B2946 /* Session */,
				BBBBC816291EDB53005B2946 /* Progress */,
				BBBBC815291EDB4B005B2946 /* Settings */,
				BBBBC80E291EDAC0005B2946 /* Base */,
			);
			path = Controllers;
			sourceTree = "<group>";
		};
		BBBBC80E291EDAC0005B2946 /* Base */ = {
			isa = PBXGroup;
			children = (
				BB8E23A629238DC800474E21 /* Views */,
				BBBBC80F291EDAF0005B2946 /* WABaseController.swift */,
			);
			path = Base;
			sourceTree = "<group>";
		};
		BBBBC815291EDB4B005B2946 /* Settings */ = {
			isa = PBXGroup;
			children = (
				BBBBC81F291EDBF6005B2946 /* SettingsController.swift */,
			);
			path = Settings;
			sourceTree = "<group>";
		};
		BBBBC816291EDB53005B2946 /* Progress */ = {
			isa = PBXGroup;
			children = (
				BBBBC81D291EDBD7005B2946 /* ProgressController.swift */,
			);
			path = Progress;
			sourceTree = "<group>";
		};
		BBBBC817291EDB5F005B2946 /* Session */ = {
			isa = PBXGroup;
			children = (
				BB8E23AA2923CE7A00474E21 /* Views */,
				BBBBC81B291EDBB8005B2946 /* SessionController.swift */,
			);
			path = Session;
			sourceTree = "<group>";
		};
		BBBBC818291EDB73005B2946 /* Overview */ = {
			isa = PBXGroup;
			children = (
				BBBBC821291FC229005B2946 /* Views */,
				BBBBC819291EDB95005B2946 /* OverviewController.swift */,
			);
			path = Overview;
			sourceTree = "<group>";
		};
		BBBBC821291FC229005B2946 /* Views */ = {
			isa = PBXGroup;
			children = (
				BB8E23A92923C4E200474E21 /* NavBar */,
			);
			path = Views;
			sourceTree = "<group>";
		};
		BBBBC828292027C3005B2946 /* WeekView */ = {
			isa = PBXGroup;
			children = (
				BBBBC829292027DD005B2946 /* WeekView.swift */,
				BBBBC82B29202ABE005B2946 /* WeekDayVIew.swift */,
			);
			path = WeekView;
			sourceTree = "<group>";
		};
/* End PBXGroup section */

/* Begin PBXNativeTarget section */
		BBBBC7EB291ED8DC005B2946 /* WorkOutAplication */ = {
			isa = PBXNativeTarget;
			buildConfigurationList = BBBBC800291ED8DD005B2946 /* Build configuration list for PBXNativeTarget "WorkOutAplication" */;
			buildPhases = (
				BBBBC7E8291ED8DC005B2946 /* Sources */,
				BBBBC7E9291ED8DC005B2946 /* Frameworks */,
				BBBBC7EA291ED8DC005B2946 /* Resources */,
			);
			buildRules = (
			);
			dependencies = (
			);
			name = WorkOutAplication;
			productName = WorkOutAplication;
			productReference = BBBBC7EC291ED8DC005B2946 /* WorkOutAplication.app */;
			productType = "com.apple.product-type.application";
		};
/* End PBXNativeTarget section */

/* Begin PBXProject section */
		BBBBC7E4291ED8DC005B2946 /* Project object */ = {
			isa = PBXProject;
			attributes = {
				BuildIndependentTargetsInParallel = 1;
				LastSwiftUpdateCheck = 1400;
				LastUpgradeCheck = 1400;
				TargetAttributes = {
					BBBBC7EB291ED8DC005B2946 = {
						CreatedOnToolsVersion = 14.0;
					};
				};
			};
			buildConfigurationList = BBBBC7E7291ED8DC005B2946 /* Build configuration list for PBXProject "WorkOutAplication" */;
			compatibilityVersion = "Xcode 14.0";
			developmentRegion = en;
			hasScannedForEncodings = 0;
			knownRegions = (
				en,
				Base,
			);
			mainGroup = BBBBC7E3291ED8DC005B2946;
			productRefGroup = BBBBC7ED291ED8DC005B2946 /* Products */;
			projectDirPath = "";
			projectRoot = "";
			targets = (
				BBBBC7EB291ED8DC005B2946 /* WorkOutAplication */,
			);
		};
/* End PBXProject section */

/* Begin PBXResourcesBuildPhase section */
		BBBBC7EA291ED8DC005B2946 /* Resources */ = {
			isa = PBXResourcesBuildPhase;
			buildActionMask = 2147483647;
			files = (
				BBBBC7FC291ED8DD005B2946 /* LaunchScreen.storyboard in Resources */,
				BBBBC7F9291ED8DD005B2946 /* Assets.xcassets in Resources */,
			);
			runOnlyForDeploymentPostprocessing = 0;
		};
/* End PBXResourcesBuildPhase section */

/* Begin PBXSourcesBuildPhase section */
		BBBBC7E8291ED8DC005B2946 /* Sources */ = {
			isa = PBXSourcesBuildPhase;
			buildActionMask = 2147483647;
			files = (
				BBBBC82A292027DD005B2946 /* WeekView.swift in Sources */,
				BBBBC82E2920303B005B2946 /* Date + ext.swift in Sources */,
				BBBBC820291EDBF6005B2946 /* SettingsController.swift in Sources */,
				BBBBC808291EDA44005B2946 /* R.swift in Sources */,
				BBBBC82C29202ABE005B2946 /* WeekDayVIew.swift in Sources */,
				BBBBC825291FDE5F005B2946 /* OverviewNavBar.swift in Sources */,
				BBBBC7F0291ED8DC005B2946 /* AppDelegate.swift in Sources */,
				BBBBC80A291EDA5B005B2946 /* UIColor + ext.swift in Sources */,
				BB8E23B12924DFB800474E21 /* PercentView.swift in Sources */,
				BBBBC80C291EDA72005B2946 /* UIView + ext.swift in Sources */,
				BB8E23A829238DEC00474E21 /* WABaseInfoView.swift in Sources */,
				BB8E23AC2923CE9100474E21 /* TImerView.swift in Sources */,
				BB8E23AF2923D02100474E21 /* ProgressView.swift in Sources */,
				BBBBC81C291EDBB8005B2946 /* SessionController.swift in Sources */,
				BBBBC823291FC25A005B2946 /* WAButton.swift in Sources */,
				BBBBC81E291EDBD7005B2946 /* ProgressController.swift in Sources */,
				BBBBC81A291EDB95005B2946 /* OverviewController.swift in Sources */,
				BBBBC812291EDB0D005B2946 /* TabBarController.swift in Sources */,
				BBBBC810291EDAF0005B2946 /* WABaseController.swift in Sources */,
				BBBBC82729201713005B2946 /* WABaseView.swift in Sources */,
				BBBBC7F2291ED8DC005B2946 /* SceneDelegate.swift in Sources */,
				BBBBC814291EDB27005B2946 /* NavBarController.swift in Sources */,
			);
			runOnlyForDeploymentPostprocessing = 0;
		};
/* End PBXSourcesBuildPhase section */

/* Begin PBXVariantGroup section */
		BBBBC7FA291ED8DD005B2946 /* LaunchScreen.storyboard */ = {
			isa = PBXVariantGroup;
			children = (
				BBBBC7FB291ED8DD005B2946 /* Base */,
			);
			name = LaunchScreen.storyboard;
			sourceTree = "<group>";
		};
/* End PBXVariantGroup section */

/* Begin XCBuildConfiguration section */
		BBBBC7FE291ED8DD005B2946 /* Debug */ = {
			isa = XCBuildConfiguration;
			buildSettings = {
				ALWAYS_SEARCH_USER_PATHS = NO;
				CLANG_ANALYZER_NONNULL = YES;
				CLANG_ANALYZER_NUMBER_OBJECT_CONVERSION = YES_AGGRESSIVE;
				CLANG_CXX_LANGUAGE_STANDARD = "gnu++20";
				CLANG_ENABLE_MODULES = YES;
				CLANG_ENABLE_OBJC_ARC = YES;
				CLANG_ENABLE_OBJC_WEAK = YES;
				CLANG_WARN_BLOCK_CAPTURE_AUTORELEASING = YES;
				CLANG_WARN_BOOL_CONVERSION = YES;
				CLANG_WARN_COMMA = YES;
				CLANG_WARN_CONSTANT_CONVERSION = YES;
				CLANG_WARN_DEPRECATED_OBJC_IMPLEMENTATIONS = YES;
				CLANG_WARN_DIRECT_OBJC_ISA_USAGE = YES_ERROR;
				CLANG_WARN_DOCUMENTATION_COMMENTS = YES;
				CLANG_WARN_EMPTY_BODY = YES;
				CLANG_WARN_ENUM_CONVERSION = YES;
				CLANG_WARN_INFINITE_RECURSION = YES;
				CLANG_WARN_INT_CONVERSION = YES;
				CLANG_WARN_NON_LITERAL_NULL_CONVERSION = YES;
				CLANG_WARN_OBJC_IMPLICIT_RETAIN_SELF = YES;
				CLANG_WARN_OBJC_LITERAL_CONVERSION = YES;
				CLANG_WARN_OBJC_ROOT_CLASS = YES_ERROR;
				CLANG_WARN_QUOTED_INCLUDE_IN_FRAMEWORK_HEADER = YES;
				CLANG_WARN_RANGE_LOOP_ANALYSIS = YES;
				CLANG_WARN_STRICT_PROTOTYPES = YES;
				CLANG_WARN_SUSPICIOUS_MOVE = YES;
				CLANG_WARN_UNGUARDED_AVAILABILITY = YES_AGGRESSIVE;
				CLANG_WARN_UNREACHABLE_CODE = YES;
				CLANG_WARN__DUPLICATE_METHOD_MATCH = YES;
				COPY_PHASE_STRIP = NO;
				DEBUG_INFORMATION_FORMAT = dwarf;
				ENABLE_STRICT_OBJC_MSGSEND = YES;
				ENABLE_TESTABILITY = YES;
				GCC_C_LANGUAGE_STANDARD = gnu11;
				GCC_DYNAMIC_NO_PIC = NO;
				GCC_NO_COMMON_BLOCKS = YES;
				GCC_OPTIMIZATION_LEVEL = 0;
				GCC_PREPROCESSOR_DEFINITIONS = (
					"DEBUG=1",
					"$(inherited)",
				);
				GCC_WARN_64_TO_32_BIT_CONVERSION = YES;
				GCC_WARN_ABOUT_RETURN_TYPE = YES_ERROR;
				GCC_WARN_UNDECLARED_SELECTOR = YES;
				GCC_WARN_UNINITIALIZED_AUTOS = YES_AGGRESSIVE;
				GCC_WARN_UNUSED_FUNCTION = YES;
				GCC_WARN_UNUSED_VARIABLE = YES;
				IPHONEOS_DEPLOYMENT_TARGET = 16.0;
				MTL_ENABLE_DEBUG_INFO = INCLUDE_SOURCE;
				MTL_FAST_MATH = YES;
				ONLY_ACTIVE_ARCH = YES;
				SDKROOT = iphoneos;
				SWIFT_ACTIVE_COMPILATION_CONDITIONS = DEBUG;
				SWIFT_OPTIMIZATION_LEVEL = "-Onone";
			};
			name = Debug;
		};
		BBBBC7FF291ED8DD005B2946 /* Release */ = {
			isa = XCBuildConfiguration;
			buildSettings = {
				ALWAYS_SEARCH_USER_PATHS = NO;
				CLANG_ANALYZER_NONNULL = YES;
				CLANG_ANALYZER_NUMBER_OBJECT_CONVERSION = YES_AGGRESSIVE;
				CLANG_CXX_LANGUAGE_STANDARD = "gnu++20";
				CLANG_ENABLE_MODULES = YES;
				CLANG_ENABLE_OBJC_ARC = YES;
				CLANG_ENABLE_OBJC_WEAK = YES;
				CLANG_WARN_BLOCK_CAPTURE_AUTORELEASING = YES;
				CLANG_WARN_BOOL_CONVERSION = YES;
				CLANG_WARN_COMMA = YES;
				CLANG_WARN_CONSTANT_CONVERSION = YES;
				CLANG_WARN_DEPRECATED_OBJC_IMPLEMENTATIONS = YES;
				CLANG_WARN_DIRECT_OBJC_ISA_USAGE = YES_ERROR;
				CLANG_WARN_DOCUMENTATION_COMMENTS = YES;
				CLANG_WARN_EMPTY_BODY = YES;
				CLANG_WARN_ENUM_CONVERSION = YES;
				CLANG_WARN_INFINITE_RECURSION = YES;
				CLANG_WARN_INT_CONVERSION = YES;
				CLANG_WARN_NON_LITERAL_NULL_CONVERSION = YES;
				CLANG_WARN_OBJC_IMPLICIT_RETAIN_SELF = YES;
				CLANG_WARN_OBJC_LITERAL_CONVERSION = YES;
				CLANG_WARN_OBJC_ROOT_CLASS = YES_ERROR;
				CLANG_WARN_QUOTED_INCLUDE_IN_FRAMEWORK_HEADER = YES;
				CLANG_WARN_RANGE_LOOP_ANALYSIS = YES;
				CLANG_WARN_STRICT_PROTOTYPES = YES;
				CLANG_WARN_SUSPICIOUS_MOVE = YES;
				CLANG_WARN_UNGUARDED_AVAILABILITY = YES_AGGRESSIVE;
				CLANG_WARN_UNREACHABLE_CODE = YES;
				CLANG_WARN__DUPLICATE_METHOD_MATCH = YES;
				COPY_PHASE_STRIP = NO;
				DEBUG_INFORMATION_FORMAT = "dwarf-with-dsym";
				ENABLE_NS_ASSERTIONS = NO;
				ENABLE_STRICT_OBJC_MSGSEND = YES;
				GCC_C_LANGUAGE_STANDARD = gnu11;
				GCC_NO_COMMON_BLOCKS = YES;
				GCC_WARN_64_TO_32_BIT_CONVERSION = YES;
				GCC_WARN_ABOUT_RETURN_TYPE = YES_ERROR;
				GCC_WARN_UNDECLARED_SELECTOR = YES;
				GCC_WARN_UNINITIALIZED_AUTOS = YES_AGGRESSIVE;
				GCC_WARN_UNUSED_FUNCTION = YES;
				GCC_WARN_UNUSED_VARIABLE = YES;
				IPHONEOS_DEPLOYMENT_TARGET = 16.0;
				MTL_ENABLE_DEBUG_INFO = NO;
				MTL_FAST_MATH = YES;
				SDKROOT = iphoneos;
				SWIFT_COMPILATION_MODE = wholemodule;
				SWIFT_OPTIMIZATION_LEVEL = "-O";
				VALIDATE_PRODUCT = YES;
			};
			name = Release;
		};
		BBBBC801291ED8DD005B2946 /* Debug */ = {
			isa = XCBuildConfiguration;
			buildSettings = {
				ASSETCATALOG_COMPILER_APPICON_NAME = AppIcon;
				ASSETCATALOG_COMPILER_GLOBAL_ACCENT_COLOR_NAME = AccentColor;
				CODE_SIGN_STYLE = Automatic;
				CURRENT_PROJECT_VERSION = 1;
				DEVELOPMENT_TEAM = 8RHSL9Q883;
				GENERATE_INFOPLIST_FILE = YES;
				INFOPLIST_FILE = WorkOutAplication/SupportingFiles/Info.plist;
				INFOPLIST_KEY_UIApplicationSupportsIndirectInputEvents = YES;
				INFOPLIST_KEY_UILaunchStoryboardName = LaunchScreen;
				INFOPLIST_KEY_UISupportedInterfaceOrientations = UIInterfaceOrientationPortrait;
				INFOPLIST_KEY_UISupportedInterfaceOrientations_iPad = "UIInterfaceOrientationLandscapeLeft UIInterfaceOrientationLandscapeRight UIInterfaceOrientationPortrait UIInterfaceOrientationPortraitUpsideDown";
				LD_RUNPATH_SEARCH_PATHS = (
					"$(inherited)",
					"@executable_path/Frameworks",
				);
				MARKETING_VERSION = 1.0;
				PRODUCT_BUNDLE_IDENTIFIER = mycompany.WorkOutAplication;
				PRODUCT_NAME = "$(TARGET_NAME)";
				SUPPORTED_PLATFORMS = "iphoneos iphonesimulator";
				SUPPORTS_MACCATALYST = NO;
				SUPPORTS_MAC_DESIGNED_FOR_IPHONE_IPAD = NO;
				SWIFT_EMIT_LOC_STRINGS = YES;
				SWIFT_VERSION = 5.0;
				TARGETED_DEVICE_FAMILY = 1;
			};
			name = Debug;
		};
		BBBBC802291ED8DD005B2946 /* Release */ = {
			isa = XCBuildConfiguration;
			buildSettings = {
				ASSETCATALOG_COMPILER_APPICON_NAME = AppIcon;
				ASSETCATALOG_COMPILER_GLOBAL_ACCENT_COLOR_NAME = AccentColor;
				CODE_SIGN_STYLE = Automatic;
				CURRENT_PROJECT_VERSION = 1;
				DEVELOPMENT_TEAM = 8RHSL9Q883;
				GENERATE_INFOPLIST_FILE = YES;
				INFOPLIST_FILE = WorkOutAplication/SupportingFiles/Info.plist;
				INFOPLIST_KEY_UIApplicationSupportsIndirectInputEvents = YES;
				INFOPLIST_KEY_UILaunchStoryboardName = LaunchScreen;
				INFOPLIST_KEY_UISupportedInterfaceOrientations = UIInterfaceOrientationPortrait;
				INFOPLIST_KEY_UISupportedInterfaceOrientations_iPad = "UIInterfaceOrientationLandscapeLeft UIInterfaceOrientationLandscapeRight UIInterfaceOrientationPortrait UIInterfaceOrientationPortraitUpsideDown";
				LD_RUNPATH_SEARCH_PATHS = (
					"$(inherited)",
					"@executable_path/Frameworks",
				);
				MARKETING_VERSION = 1.0;
				PRODUCT_BUNDLE_IDENTIFIER = mycompany.WorkOutAplication;
				PRODUCT_NAME = "$(TARGET_NAME)";
				SUPPORTED_PLATFORMS = "iphoneos iphonesimulator";
				SUPPORTS_MACCATALYST = NO;
				SUPPORTS_MAC_DESIGNED_FOR_IPHONE_IPAD = NO;
				SWIFT_EMIT_LOC_STRINGS = YES;
				SWIFT_VERSION = 5.0;
				TARGETED_DEVICE_FAMILY = 1;
			};
			name = Release;
		};
/* End XCBuildConfiguration section */

/* Begin XCConfigurationList section */
		BBBBC7E7291ED8DC005B2946 /* Build configuration list for PBXProject "WorkOutAplication" */ = {
			isa = XCConfigurationList;
			buildConfigurations = (
				BBBBC7FE291ED8DD005B2946 /* Debug */,
				BBBBC7FF291ED8DD005B2946 /* Release */,
			);
			defaultConfigurationIsVisible = 0;
			defaultConfigurationName = Release;
		};
		BBBBC800291ED8DD005B2946 /* Build configuration list for PBXNativeTarget "WorkOutAplication" */ = {
			isa = XCConfigurationList;
			buildConfigurations = (
				BBBBC801291ED8DD005B2946 /* Debug */,
				BBBBC802291ED8DD005B2946 /* Release */,
			);
			defaultConfigurationIsVisible = 0;
			defaultConfigurationName = Release;
		};
/* End XCConfigurationList section */
	};
	rootObject = BBBBC7E4291ED8DC005B2946 /* Project object */;
}
